
Microsoft Visual Studio Solution File, Format Version 12.00
# Visual Studio Version 16
VisualStudioVersion = 16.0.31410.357
MinimumVisualStudioVersion = 10.0.40219.1
Project("{F184B08F-C81C-45F6-A57F-5ABD9991F28F}") = "prueba clases proyecto visual", "prueba clases proyecto visual\prueba clases proyecto visual.vbproj", "{1B831E4B-2833-44D3-9E76-FB705B20150F}"
EndProject
Project("{F184B08F-C81C-45F6-A57F-5ABD9991F28F}") = "WinFormsLibrary1", "WinFormsLibrary1\WinFormsLibrary1.vbproj", "{90778FE9-741D-4959-A6EF-7A1EA387081C}"
EndProject
Global
	GlobalSection(SolutionConfigurationPlatforms) = preSolution
		Debug|Any CPU = Debug|Any CPU
		Release|Any CPU = Release|Any CPU
	EndGlobalSection
	GlobalSection(ProjectConfigurationPlatforms) = postSolution
		{1B831E4B-2833-44D3-9E76-FB705B20150F}.Debug|Any CPU.ActiveCfg = Debug|Any CPU
		{1B831E4B-2833-44D3-9E76-FB705B20150F}.Debug|Any CPU.Build.0 = Debug|Any CPU
		{1B831E4B-2833-44D3-9E76-FB705B20150F}.Release|Any CPU.ActiveCfg = Release|Any CPU
		{1B831E4B-2833-44D3-9E76-FB705B20150F}.Release|Any CPU.Build.0 = Release|Any CPU
		{90778FE9-741D-4959-A6EF-7A1EA387081C}.Debug|Any CPU.ActiveCfg = Debug|Any CPU
		{90778FE9-741D-4959-A6EF-7A1EA387081C}.Debug|Any CPU.Build.0 = Debug|Any CPU
		{90778FE9-741D-4959-A6EF-7A1EA387081C}.Release|Any CPU.ActiveCfg = Release|Any CPU
		{90778FE9-741D-4959-A6EF-7A1EA387081C}.Release|Any CPU.Build.0 = Release|Any CPU
	EndGlobalSection
	GlobalSection(SolutionProperties) = preSolution
		HideSolutionNode = FALSE
	EndGlobalSection
	GlobalSection(ExtensibilityGlobals) = postSolution
		SolutionGuid = {2D35198F-C6BA-4621-9BBC-DB61B957CEEB}
	EndGlobalSection
EndGlobal
